// !$*UTF8*$!
{
	archiveVersion = 1;
	classes = {
	};
	objectVersion = 50;
	objects = {

/* Begin PBXBuildFile section */
		D1B647F32553DADB007AE8A7 /* HeaderReuseView.swift in Sources */ = {isa = PBXBuildFile; fileRef = D1B647F22553DADB007AE8A7 /* HeaderReuseView.swift */; };
		D1C73DFE2553C86700B22226 /* AppDelegate.swift in Sources */ = {isa = PBXBuildFile; fileRef = D1C73DFD2553C86700B22226 /* AppDelegate.swift */; };
		D1C73E002553C86700B22226 /* SceneDelegate.swift in Sources */ = {isa = PBXBuildFile; fileRef = D1C73DFF2553C86700B22226 /* SceneDelegate.swift */; };
		D1C73E022553C86700B22226 /* ViewController.swift in Sources */ = {isa = PBXBuildFile; fileRef = D1C73E012553C86700B22226 /* ViewController.swift */; };
		D1C73E052553C86700B22226 /* Main.storyboard in Resources */ = {isa = PBXBuildFile; fileRef = D1C73E032553C86700B22226 /* Main.storyboard */; };
		D1C73E072553C86A00B22226 /* Assets.xcassets in Resources */ = {isa = PBXBuildFile; fileRef = D1C73E062553C86A00B22226 /* Assets.xcassets */; };
		D1C73E0A2553C86A00B22226 /* LaunchScreen.storyboard in Resources */ = {isa = PBXBuildFile; fileRef = D1C73E082553C86A00B22226 /* LaunchScreen.storyboard */; };
		D1C73E142553CAE400B22226 /* MainCVC.swift in Sources */ = {isa = PBXBuildFile; fileRef = D1C73E132553CAE400B22226 /* MainCVC.swift */; };
/* End PBXBuildFile section */

/* Begin PBXFileReference section */
		D1B647F22553DADB007AE8A7 /* HeaderReuseView.swift */ = {isa = PBXFileReference; lastKnownFileType = sourcecode.swift; path = HeaderReuseView.swift; sourceTree = "<group>"; };
		D1C73DFA2553C86700B22226 /* 3rdAssignment.app */ = {isa = PBXFileReference; explicitFileType = wrapper.application; includeInIndex = 0; path = 3rdAssignment.app; sourceTree = BUILT_PRODUCTS_DIR; };
		D1C73DFD2553C86700B22226 /* AppDelegate.swift */ = {isa = PBXFileReference; lastKnownFileType = sourcecode.swift; path = AppDelegate.swift; sourceTree = "<group>"; };
		D1C73DFF2553C86700B22226 /* SceneDelegate.swift */ = {isa = PBXFileReference; lastKnownFileType = sourcecode.swift; path = SceneDelegate.swift; sourceTree = "<group>"; };
		D1C73E012553C86700B22226 /* ViewController.swift */ = {isa = PBXFileReference; lastKnownFileType = sourcecode.swift; path = ViewController.swift; sourceTree = "<group>"; };
		D1C73E042553C86700B22226 /* Base */ = {isa = PBXFileReference; lastKnownFileType = file.storyboard; name = Base; path = Base.lproj/Main.storyboard; sourceTree = "<group>"; };
		D1C73E062553C86A00B22226 /* Assets.xcassets */ = {isa = PBXFileReference; lastKnownFileType = folder.assetcatalog; path = Assets.xcassets; sourceTree = "<group>"; };
		D1C73E092553C86A00B22226 /* Base */ = {isa = PBXFileReference; lastKnownFileType = file.storyboard; name = Base; path = Base.lproj/LaunchScreen.storyboard; sourceTree = "<group>"; };
		D1C73E0B2553C86A00B22226 /* Info.plist */ = {isa = PBXFileReference; lastKnownFileType = text.plist.xml; path = Info.plist; sourceTree = "<group>"; };
		D1C73E132553CAE400B22226 /* MainCVC.swift */ = {isa = PBXFileReference; lastKnownFileType = sourcecode.swift; path = MainCVC.swift; sourceTree = "<group>"; };
/* End PBXFileReference section */

/* Begin PBXFrameworksBuildPhase section */
		D1C73DF72553C86700B22226 /* Frameworks */ = {
			isa = PBXFrameworksBuildPhase;
			buildActionMask = 2147483647;
			files = (
			);
			runOnlyForDeploymentPostprocessing = 0;
		};
/* End PBXFrameworksBuildPhase section */

/* Begin PBXGroup section */
		D1C73DF12553C86700B22226 = {
			isa = PBXGroup;
			children = (
				D1C73DFC2553C86700B22226 /* 3rdAssignment */,
				D1C73DFB2553C86700B22226 /* Products */,
			);
			sourceTree = "<group>";
		};
		D1C73DFB2553C86700B22226 /* Products */ = {
			isa = PBXGroup;
			children = (
				D1C73DFA2553C86700B22226 /* 3rdAssignment.app */,
			);
			name = Products;
			sourceTree = "<group>";
		};
		D1C73DFC2553C86700B22226 /* 3rdAssignment */ = {
			isa = PBXGroup;
			children = (
				D1C73DFD2553C86700B22226 /* AppDelegate.swift */,
				D1C73DFF2553C86700B22226 /* SceneDelegate.swift */,
				D1C73E012553C86700B22226 /* ViewController.swift */,
				D1C73E132553CAE400B22226 /* MainCVC.swift */,
				D1C73E032553C86700B22226 /* Main.storyboard */,
				D1C73E062553C86A00B22226 /* Assets.xcassets */,
				D1C73E082553C86A00B22226 /* LaunchScreen.storyboard */,
				D1C73E0B2553C86A00B22226 /* Info.plist */,
				D1B647F22553DADB007AE8A7 /* HeaderReuseView.swift */,
			);
			path = 3rdAssignment;
			sourceTree = "<group>";
		};
/* End PBXGroup section */

/* Begin PBXNativeTarget section */
		D1C73DF92553C86700B22226 /* 3rdAssignment */ = {
			isa = PBXNativeTarget;
			buildConfigurationList = D1C73E0E2553C86A00B22226 /* Build configuration list for PBXNativeTarget "3rdAssignment" */;
			buildPhases = (
				D1C73DF62553C86700B22226 /* Sources */,
				D1C73DF72553C86700B22226 /* Frameworks */,
				D1C73DF82553C86700B22226 /* Resources */,
			);
			buildRules = (
			);
			dependencies = (
			);
			name = 3rdAssignment;
			productName = 3rdAssignment;
			productReference = D1C73DFA2553C86700B22226 /* 3rdAssignment.app */;
			productType = "com.apple.product-type.application";
		};
/* End PBXNativeTarget section */

/* Begin PBXProject section */
		D1C73DF22553C86700B22226 /* Project object */ = {
			isa = PBXProject;
			attributes = {
				LastSwiftUpdateCheck = 1200;
				LastUpgradeCheck = 1200;
				TargetAttributes = {
					D1C73DF92553C86700B22226 = {
						CreatedOnToolsVersion = 12.0.1;
					};
				};
			};
			buildConfigurationList = D1C73DF52553C86700B22226 /* Build configuration list for PBXProject "3rdAssignment" */;
			compatibilityVersion = "Xcode 9.3";
			developmentRegion = en;
			hasScannedForEncodings = 0;
			knownRegions = (
				en,
				Base,
			);
			mainGroup = D1C73DF12553C86700B22226;
			productRefGroup = D1C73DFB2553C86700B22226 /* Products */;
			projectDirPath = "";
			projectRoot = "";
			targets = (
				D1C73DF92553C86700B22226 /* 3rdAssignment */,
			);
		};
/* End PBXProject section */

/* Begin PBXResourcesBuildPhase section */
		D1C73DF82553C86700B22226 /* Resources */ = {
			isa = PBXResourcesBuildPhase;
			buildActionMask = 2147483647;
			files = (
				D1C73E0A2553C86A00B22226 /* LaunchScreen.storyboard in Resources */,
				D1C73E072553C86A00B22226 /* Assets.xcassets in Resources */,
				D1C73E052553C86700B22226 /* Main.storyboard in Resources */,
			);
			runOnlyForDeploymentPostprocessing = 0;
		};
/* End PBXResourcesBuildPhase section */

/* Begin PBXSourcesBuildPhase section */
		D1C73DF62553C86700B22226 /* Sources */ = {
			isa = PBXSourcesBuildPhase;
			buildActionMask = 2147483647;
			files = (
				D1B647F32553DADB007AE8A7 /* HeaderReuseView.swift in Sources */,
				D1C73E022553C86700B22226 /* ViewController.swift in Sources */,
				D1C73E142553CAE400B22226 /* MainCVC.swift in Sources */,
				D1C73DFE2553C86700B22226 /* AppDelegate.swift in Sources */,
				D1C73E002553C86700B22226 /* SceneDelegate.swift in Sources */,
			);
			runOnlyForDeploymentPostprocessing = 0;
		};
/* End PBXSourcesBuildPhase section */

/* Begin PBXVariantGroup section */
		D1C73E032553C86700B22226 /* Main.storyboard */ = {
			isa = PBXVariantGroup;
			children = (
				D1C73E042553C86700B22226 /* Base */,
			);
			name = Main.storyboard;
			sourceTree = "<group>";
		};
		D1C73E082553C86A00B22226 /* LaunchScreen.storyboard */ = {
			isa = PBXVariantGroup;
			children = (
				D1C73E092553C86A00B22226 /* Base */,
			);
			name = LaunchScreen.storyboard;
			sourceTree = "<group>";
		};
/* End PBXVariantGroup section */

/* Begin XCBuildConfiguration section */
		D1C73E0C2553C86A00B22226 /* Debug */ = {
			isa = XCBuildConfiguration;
			buildSettings = {
				ALWAYS_SEARCH_USER_PATHS = NO;
				CLANG_ANALYZER_NONNULL = YES;
				CLANG_ANALYZER_NUMBER_OBJECT_CONVERSION = YES_AGGRESSIVE;
				CLANG_CXX_LANGUAGE_STANDARD = "gnu++14";
				CLANG_CXX_LIBRARY = "libc++";
				CLANG_ENABLE_MODULES = YES;
				CLANG_ENABLE_OBJC_ARC = YES;
				CLANG_ENABLE_OBJC_WEAK = YES;
				CLANG_WARN_BLOCK_CAPTURE_AUTORELEASING = YES;
				CLANG_WARN_BOOL_CONVERSION = YES;
				CLANG_WARN_COMMA = YES;
				CLANG_WARN_CONSTANT_CONVERSION = YES;
				CLANG_WARN_DEPRECATED_OBJC_IMPLEMENTATIONS = YES;
				CLANG_WARN_DIRECT_OBJC_ISA_USAGE = YES_ERROR;
				CLANG_WARN_DOCUMENTATION_COMMENTS = YES;
				CLANG_WARN_EMPTY_BODY = YES;
				CLANG_WARN_ENUM_CONVERSION = YES;
				CLANG_WARN_INFINITE_RECURSION = YES;
				CLANG_WARN_INT_CONVERSION = YES;
				CLANG_WARN_NON_LITERAL_NULL_CONVERSION = YES;
				CLANG_WARN_OBJC_IMPLICIT_RETAIN_SELF = YES;
				CLANG_WARN_OBJC_LITERAL_CONVERSION = YES;
				CLANG_WARN_OBJC_ROOT_CLASS = YES_ERROR;
				CLANG_WARN_QUOTED_INCLUDE_IN_FRAMEWORK_HEADER = YES;
				CLANG_WARN_RANGE_LOOP_ANALYSIS = YES;
				CLANG_WARN_STRICT_PROTOTYPES = YES;
				CLANG_WARN_SUSPICIOUS_MOVE = YES;
				CLANG_WARN_UNGUARDED_AVAILABILITY = YES_AGGRESSIVE;
				CLANG_WARN_UNREACHABLE_CODE = YES;
				CLANG_WARN__DUPLICATE_METHOD_MATCH = YES;
				COPY_PHASE_STRIP = NO;
				DEBUG_INFORMATION_FORMAT = dwarf;
				ENABLE_STRICT_OBJC_MSGSEND = YES;
				ENABLE_TESTABILITY = YES;
				GCC_C_LANGUAGE_STANDARD = gnu11;
				GCC_DYNAMIC_NO_PIC = NO;
				GCC_NO_COMMON_BLOCKS = YES;
				GCC_OPTIMIZATION_LEVEL = 0;
				GCC_PREPROCESSOR_DEFINITIONS = (
					"DEBUG=1",
					"$(inherited)",
				);
				GCC_WARN_64_TO_32_BIT_CONVERSION = YES;
				GCC_WARN_ABOUT_RETURN_TYPE = YES_ERROR;
				GCC_WARN_UNDECLARED_SELECTOR = YES;
				GCC_WARN_UNINITIALIZED_AUTOS = YES_AGGRESSIVE;
				GCC_WARN_UNUSED_FUNCTION = YES;
				GCC_WARN_UNUSED_VARIABLE = YES;
				IPHONEOS_DEPLOYMENT_TARGET = 14.0;
				MTL_ENABLE_DEBUG_INFO = INCLUDE_SOURCE;
				MTL_FAST_MATH = YES;
				ONLY_ACTIVE_ARCH = YES;
				SDKROOT = iphoneos;
				SWIFT_ACTIVE_COMPILATION_CONDITIONS = DEBUG;
				SWIFT_OPTIMIZATION_LEVEL = "-Onone";
			};
			name = Debug;
		};
		D1C73E0D2553C86A00B22226 /* Release */ = {
			isa = XCBuildConfiguration;
			buildSettings = {
				ALWAYS_SEARCH_USER_PATHS = NO;
				CLANG_ANALYZER_NONNULL = YES;
				CLANG_ANALYZER_NUMBER_OBJECT_CONVERSION = YES_AGGRESSIVE;
				CLANG_CXX_LANGUAGE_STANDARD = "gnu++14";
				CLANG_CXX_LIBRARY = "libc++";
				CLANG_ENABLE_MODULES = YES;
				CLANG_ENABLE_OBJC_ARC = YES;
				CLANG_ENABLE_OBJC_WEAK = YES;
				CLANG_WARN_BLOCK_CAPTURE_AUTORELEASING = YES;
				CLANG_WARN_BOOL_CONVERSION = YES;
				CLANG_WARN_COMMA = YES;
				CLANG_WARN_CONSTANT_CONVERSION = YES;
				CLANG_WARN_DEPRECATED_OBJC_IMPLEMENTATIONS = YES;
				CLANG_WARN_DIRECT_OBJC_ISA_USAGE = YES_ERROR;
				CLANG_WARN_DOCUMENTATION_COMMENTS = YES;
				CLANG_WARN_EMPTY_BODY = YES;
				CLANG_WARN_ENUM_CONVERSION = YES;
				CLANG_WARN_INFINITE_RECURSION = YES;
				CLANG_WARN_INT_CONVERSION = YES;
				CLANG_WARN_NON_LITERAL_NULL_CONVERSION = YES;
				CLANG_WARN_OBJC_IMPLICIT_RETAIN_SELF = YES;
				CLANG_WARN_OBJC_LITERAL_CONVERSION = YES;
				CLANG_WARN_OBJC_ROOT_CLASS = YES_ERROR;
				CLANG_WARN_QUOTED_INCLUDE_IN_FRAMEWORK_HEADER = YES;
				CLANG_WARN_RANGE_LOOP_ANALYSIS = YES;
				CLANG_WARN_STRICT_PROTOTYPES = YES;
				CLANG_WARN_SUSPICIOUS_MOVE = YES;
				CLANG_WARN_UNGUARDED_AVAILABILITY = YES_AGGRESSIVE;
				CLANG_WARN_UNREACHABLE_CODE = YES;
				CLANG_WARN__DUPLICATE_METHOD_MATCH = YES;
				COPY_PHASE_STRIP = NO;
				DEBUG_INFORMATION_FORMAT = "dwarf-with-dsym";
				ENABLE_NS_ASSERTIONS = NO;
				ENABLE_STRICT_OBJC_MSGSEND = YES;
				GCC_C_LANGUAGE_STANDARD = gnu11;
				GCC_NO_COMMON_BLOCKS = YES;
				GCC_WARN_64_TO_32_BIT_CONVERSION = YES;
				GCC_WARN_ABOUT_RETURN_TYPE = YES_ERROR;
				GCC_WARN_UNDECLARED_SELECTOR = YES;
				GCC_WARN_UNINITIALIZED_AUTOS = YES_AGGRESSIVE;
				GCC_WARN_UNUSED_FUNCTION = YES;
				GCC_WARN_UNUSED_VARIABLE = YES;
				IPHONEOS_DEPLOYMENT_TARGET = 14.0;
				MTL_ENABLE_DEBUG_INFO = NO;
				MTL_FAST_MATH = YES;
				SDKROOT = iphoneos;
				SWIFT_COMPILATION_MODE = wholemodule;
				SWIFT_OPTIMIZATION_LEVEL = "-O";
				VALIDATE_PRODUCT = YES;
			};
			name = Release;
		};
		D1C73E0F2553C86A00B22226 /* Debug */ = {
			isa = XCBuildConfiguration;
			buildSettings = {
				ASSETCATALOG_COMPILER_APPICON_NAME = AppIcon;
				ASSETCATALOG_COMPILER_GLOBAL_ACCENT_COLOR_NAME = AccentColor;
				CODE_SIGN_STYLE = Automatic;
				DEVELOPMENT_TEAM = 36BC59Q598;
				INFOPLIST_FILE = 3rdAssignment/Info.plist;
				LD_RUNPATH_SEARCH_PATHS = (
					"$(inherited)",
					"@executable_path/Frameworks",
				);
				PRODUCT_BUNDLE_IDENTIFIER = com.sopt.3rdAssignment;
				PRODUCT_NAME = "$(TARGET_NAME)";
				SWIFT_VERSION = 5.0;
				TARGETED_DEVICE_FAMILY = "1,2";
			};
			name = Debug;
		};
		D1C73E102553C86A00B22226 /* Release */ = {
			isa = XCBuildConfiguration;
			buildSettings = {
				ASSETCATALOG_COMPILER_APPICON_NAME = AppIcon;
				ASSETCATALOG_COMPILER_GLOBAL_ACCENT_COLOR_NAME = AccentColor;
				CODE_SIGN_STYLE = Automatic;
				DEVELOPMENT_TEAM = 36BC59Q598;
				INFOPLIST_FILE = 3rdAssignment/Info.plist;
				LD_RUNPATH_SEARCH_PATHS = (
					"$(inherited)",
					"@executable_path/Frameworks",
				);
				PRODUCT_BUNDLE_IDENTIFIER = com.sopt.3rdAssignment;
				PRODUCT_NAME = "$(TARGET_NAME)";
				SWIFT_VERSION = 5.0;
				TARGETED_DEVICE_FAMILY = "1,2";
			};
			name = Release;
		};
/* End XCBuildConfiguration section */

/* Begin XCConfigurationList section */
		D1C73DF52553C86700B22226 /* Build configuration list for PBXProject "3rdAssignment" */ = {
			isa = XCConfigurationList;
			buildConfigurations = (
				D1C73E0C2553C86A00B22226 /* Debug */,
				D1C73E0D2553C86A00B22226 /* Release */,
			);
			defaultConfigurationIsVisible = 0;
			defaultConfigurationName = Release;
		};
		D1C73E0E2553C86A00B22226 /* Build configuration list for PBXNativeTarget "3rdAssignment" */ = {
			isa = XCConfigurationList;
			buildConfigurations = (
				D1C73E0F2553C86A00B22226 /* Debug */,
				D1C73E102553C86A00B22226 /* Release */,
			);
			defaultConfigurationIsVisible = 0;
			defaultConfigurationName = Release;
		};
/* End XCConfigurationList section */
	};
	rootObject = D1C73DF22553C86700B22226 /* Project object */;
}
